<?xml version="1.0" encoding="utf-8"?>
<Project ToolsVersion="4.0" xmlns="http://schemas.microsoft.com/developer/msbuild/2003">
  <ItemGroup>
    <Filter Include="Umber">
      <UniqueIdentifier>{A0963E0E-0CAB-66BF-D52C-0A1F410063F0}</UniqueIdentifier>
    </Filter>
    <Filter Include="Umber\Events">
      <UniqueIdentifier>{848ED4E3-70F1-6388-1977-9C3E05B92F0B}</UniqueIdentifier>
    </Filter>
  </ItemGroup>
  <ItemGroup>
    <ClInclude Include="src\Umber.h" />
    <ClInclude Include="src\Umber\Application.h">
      <Filter>Umber</Filter>
    </ClInclude>
    <ClInclude Include="src\Umber\Core.h">
      <Filter>Umber</Filter>
    </ClInclude>
    <ClInclude Include="src\Umber\EntryPoint.h">
      <Filter>Umber</Filter>
    </ClInclude>
    <ClInclude Include="src\Umber\Events\ApplicationEvent.h">
      <Filter>Umber\Events</Filter>
    </ClInclude>
    <ClInclude Include="src\Umber\Events\Event.h">
      <Filter>Umber\Events</Filter>
    </ClInclude>
    <ClInclude Include="src\Umber\Events\KeyEvent.h">
      <Filter>Umber\Events</Filter>
    </ClInclude>
    <ClInclude Include="src\Umber\Events\MouseEvent.h">
      <Filter>Umber\Events</Filter>
    </ClInclude>
    <ClInclude Include="src\Umber\Log.h">
      <Filter>Umber</Filter>
    </ClInclude>
  </ItemGroup>
  <ItemGroup>
    <ClCompile Include="src\Umber\Application.cpp">
      <Filter>Umber</Filter>
    </ClCompile>
    <ClCompile Include="src\Umber\Log.cpp">
      <Filter>Umber</Filter>
    </ClCompile>
  </ItemGroup>
</Project>